
Microsoft Visual Studio Solution File, Format Version 12.00
# Visual Studio Version 17
VisualStudioVersion = 17.8.34330.188
MinimumVisualStudioVersion = 10.0.40219.1
Project("{FAE04EC0-301F-11D3-BF4B-00C04F79EFBC}") = "Gr362_L03", "Gr362_L03.csproj", "{51FB6ACB-58D3-4E3B-9BE5-B45290DE9C9E}"
EndProject
Global
	GlobalSection(SolutionConfigurationPlatforms) = preSolution
		Debug|Any CPU = Debug|Any CPU
		Release|Any CPU = Release|Any CPU
	EndGlobalSection
	GlobalSection(ProjectConfigurationPlatforms) = postSolution
		{51FB6ACB-58D3-4E3B-9BE5-B45290DE9C9E}.Debug|Any CPU.ActiveCfg = Debug|Any CPU
		{51FB6ACB-58D3-4E3B-9BE5-B45290DE9C9E}.Debug|Any CPU.Build.0 = Debug|Any CPU
		{51FB6ACB-58D3-4E3B-9BE5-B45290DE9C9E}.Release|Any CPU.ActiveCfg = Release|Any CPU
		{51FB6ACB-58D3-4E3B-9BE5-B45290DE9C9E}.Release|Any CPU.Build.0 = Release|Any CPU
	EndGlobalSection
	GlobalSection(SolutionProperties) = preSolution
		HideSolutionNode = FALSE
	EndGlobalSection
	GlobalSection(ExtensibilityGlobals) = postSolution
		SolutionGuid = {A60A19D9-06E3-4197-ABAA-B6168AF2563E}
	EndGlobalSection
EndGlobal
