
Microsoft Visual Studio Solution File, Format Version 12.00
# Visual Studio Version 17
VisualStudioVersion = 17.8.34330.188
MinimumVisualStudioVersion = 10.0.40219.1
Project("{FAE04EC0-301F-11D3-BF4B-00C04F79EFBC}") = "Gr361_L03", "Gr361_L03.csproj", "{7CA4081A-869E-414A-9EF3-822EC99ACF19}"
EndProject
Global
	GlobalSection(SolutionConfigurationPlatforms) = preSolution
		Debug|Any CPU = Debug|Any CPU
		Release|Any CPU = Release|Any CPU
	EndGlobalSection
	GlobalSection(ProjectConfigurationPlatforms) = postSolution
		{7CA4081A-869E-414A-9EF3-822EC99ACF19}.Debug|Any CPU.ActiveCfg = Debug|Any CPU
		{7CA4081A-869E-414A-9EF3-822EC99ACF19}.Debug|Any CPU.Build.0 = Debug|Any CPU
		{7CA4081A-869E-414A-9EF3-822EC99ACF19}.Release|Any CPU.ActiveCfg = Release|Any CPU
		{7CA4081A-869E-414A-9EF3-822EC99ACF19}.Release|Any CPU.Build.0 = Release|Any CPU
	EndGlobalSection
	GlobalSection(SolutionProperties) = preSolution
		HideSolutionNode = FALSE
	EndGlobalSection
	GlobalSection(ExtensibilityGlobals) = postSolution
		SolutionGuid = {C7C66E1C-837B-4930-BF11-44A5372B9519}
	EndGlobalSection
EndGlobal
